// !$*UTF8*$!
{
	archiveVersion = 1;
	classes = {
	};
	objectVersion = 56;
	objects = {

/* Begin PBXBuildFile section */
		7F25C56C2BD224A2008E412C /* TurnPagesApp.swift in Sources */ = {isa = PBXBuildFile; fileRef = 7F25C56B2BD224A2008E412C /* TurnPagesApp.swift */; };
		7F25C56E2BD224A2008E412C /* ContentView.swift in Sources */ = {isa = PBXBuildFile; fileRef = 7F25C56D2BD224A2008E412C /* ContentView.swift */; };
		7F25C5702BD224A2008E412C /* Item.swift in Sources */ = {isa = PBXBuildFile; fileRef = 7F25C56F2BD224A2008E412C /* Item.swift */; };
		7F25C5722BD224A4008E412C /* Assets.xcassets in Resources */ = {isa = PBXBuildFile; fileRef = 7F25C5712BD224A4008E412C /* Assets.xcassets */; };
		7F25C5762BD224A4008E412C /* Preview Assets.xcassets in Resources */ = {isa = PBXBuildFile; fileRef = 7F25C5752BD224A4008E412C /* Preview Assets.xcassets */; };
		7F7928B12BDA2C3400056763 /* UserView.swift in Sources */ = {isa = PBXBuildFile; fileRef = 7F7928B02BDA2C3400056763 /* UserView.swift */; };
		7F7928B52BDA54DF00056763 /* Book.swift in Sources */ = {isa = PBXBuildFile; fileRef = 7F7928B42BDA54DF00056763 /* Book.swift */; };
		7F7928B72BDA550900056763 /* NameNow.swift in Sources */ = {isa = PBXBuildFile; fileRef = 7F7928B62BDA550900056763 /* NameNow.swift */; };
		7F7928B92BDA559700056763 /* Search.swift in Sources */ = {isa = PBXBuildFile; fileRef = 7F7928B82BDA559700056763 /* Search.swift */; };
		7FC0D7E72BE3A3AB009780E2 /* GoogleService-Info.plist in Resources */ = {isa = PBXBuildFile; fileRef = 7FC0D7E62BE3A3AB009780E2 /* GoogleService-Info.plist */; };
		7FC0D7EA2BE3A4F5009780E2 /* FirebaseAnalytics in Frameworks */ = {isa = PBXBuildFile; productRef = 7FC0D7E92BE3A4F5009780E2 /* FirebaseAnalytics */; };
		7FC0D7EC2BE3A4F5009780E2 /* FirebaseAnalyticsOnDeviceConversion in Frameworks */ = {isa = PBXBuildFile; productRef = 7FC0D7EB2BE3A4F5009780E2 /* FirebaseAnalyticsOnDeviceConversion */; };
		7FC0D7EE2BE3A4F5009780E2 /* FirebaseAnalyticsSwift in Frameworks */ = {isa = PBXBuildFile; productRef = 7FC0D7ED2BE3A4F5009780E2 /* FirebaseAnalyticsSwift */; };
		7FC0D7F02BE3A4F5009780E2 /* FirebaseAnalyticsWithoutAdIdSupport in Frameworks */ = {isa = PBXBuildFile; productRef = 7FC0D7EF2BE3A4F5009780E2 /* FirebaseAnalyticsWithoutAdIdSupport */; };
		7FC0D7F22BE3A4F5009780E2 /* FirebaseAppCheck in Frameworks */ = {isa = PBXBuildFile; productRef = 7FC0D7F12BE3A4F5009780E2 /* FirebaseAppCheck */; };
		7FC0D7F42BE3A4F5009780E2 /* FirebaseAppDistribution-Beta in Frameworks */ = {isa = PBXBuildFile; productRef = 7FC0D7F32BE3A4F5009780E2 /* FirebaseAppDistribution-Beta */; };
		7FC0D7F62BE3A4F5009780E2 /* FirebaseAuth in Frameworks */ = {isa = PBXBuildFile; productRef = 7FC0D7F52BE3A4F5009780E2 /* FirebaseAuth */; };
		7FC0D7F82BE3A4F5009780E2 /* FirebaseAuthCombine-Community in Frameworks */ = {isa = PBXBuildFile; productRef = 7FC0D7F72BE3A4F5009780E2 /* FirebaseAuthCombine-Community */; };
		7FC0D7FA2BE3A4F5009780E2 /* FirebaseCrashlytics in Frameworks */ = {isa = PBXBuildFile; productRef = 7FC0D7F92BE3A4F5009780E2 /* FirebaseCrashlytics */; };
		7FC0D7FC2BE3A4F5009780E2 /* FirebaseDatabase in Frameworks */ = {isa = PBXBuildFile; productRef = 7FC0D7FB2BE3A4F5009780E2 /* FirebaseDatabase */; };
		7FC0D7FE2BE3A4F5009780E2 /* FirebaseDatabaseSwift in Frameworks */ = {isa = PBXBuildFile; productRef = 7FC0D7FD2BE3A4F5009780E2 /* FirebaseDatabaseSwift */; };
		7FC0D8002BE3A4F5009780E2 /* FirebaseDynamicLinks in Frameworks */ = {isa = PBXBuildFile; productRef = 7FC0D7FF2BE3A4F5009780E2 /* FirebaseDynamicLinks */; };
		7FC0D8022BE3A4F5009780E2 /* FirebaseFirestore in Frameworks */ = {isa = PBXBuildFile; productRef = 7FC0D8012BE3A4F5009780E2 /* FirebaseFirestore */; };
		7FC0D8042BE3A4F5009780E2 /* FirebaseFirestoreCombine-Community in Frameworks */ = {isa = PBXBuildFile; productRef = 7FC0D8032BE3A4F5009780E2 /* FirebaseFirestoreCombine-Community */; };
		7FC0D8062BE3A4F5009780E2 /* FirebaseFirestoreSwift in Frameworks */ = {isa = PBXBuildFile; productRef = 7FC0D8052BE3A4F5009780E2 /* FirebaseFirestoreSwift */; };
		7FC0D8082BE3A4F5009780E2 /* FirebaseFunctions in Frameworks */ = {isa = PBXBuildFile; productRef = 7FC0D8072BE3A4F5009780E2 /* FirebaseFunctions */; };
		7FC0D80A2BE3A4F5009780E2 /* FirebaseFunctionsCombine-Community in Frameworks */ = {isa = PBXBuildFile; productRef = 7FC0D8092BE3A4F5009780E2 /* FirebaseFunctionsCombine-Community */; };
		7FC0D80C2BE3A4F5009780E2 /* FirebaseInAppMessaging-Beta in Frameworks */ = {isa = PBXBuildFile; productRef = 7FC0D80B2BE3A4F5009780E2 /* FirebaseInAppMessaging-Beta */; };
		7FC0D80E2BE3A4F5009780E2 /* FirebaseInAppMessagingSwift-Beta in Frameworks */ = {isa = PBXBuildFile; productRef = 7FC0D80D2BE3A4F5009780E2 /* FirebaseInAppMessagingSwift-Beta */; };
		7FC0D8102BE3A4F5009780E2 /* FirebaseInstallations in Frameworks */ = {isa = PBXBuildFile; productRef = 7FC0D80F2BE3A4F5009780E2 /* FirebaseInstallations */; };
		7FC0D8122BE3A4F5009780E2 /* FirebaseMLModelDownloader in Frameworks */ = {isa = PBXBuildFile; productRef = 7FC0D8112BE3A4F5009780E2 /* FirebaseMLModelDownloader */; };
		7FC0D8142BE3A4F5009780E2 /* FirebaseMessaging in Frameworks */ = {isa = PBXBuildFile; productRef = 7FC0D8132BE3A4F5009780E2 /* FirebaseMessaging */; };
		7FC0D8162BE3A4F5009780E2 /* FirebasePerformance in Frameworks */ = {isa = PBXBuildFile; productRef = 7FC0D8152BE3A4F5009780E2 /* FirebasePerformance */; };
		7FC0D8182BE3A4F5009780E2 /* FirebaseRemoteConfig in Frameworks */ = {isa = PBXBuildFile; productRef = 7FC0D8172BE3A4F5009780E2 /* FirebaseRemoteConfig */; };
		7FC0D81A2BE3A4F5009780E2 /* FirebaseRemoteConfigSwift in Frameworks */ = {isa = PBXBuildFile; productRef = 7FC0D8192BE3A4F5009780E2 /* FirebaseRemoteConfigSwift */; };
		7FC0D81C2BE3A4F5009780E2 /* FirebaseStorage in Frameworks */ = {isa = PBXBuildFile; productRef = 7FC0D81B2BE3A4F5009780E2 /* FirebaseStorage */; };
		7FC0D81E2BE3A4F5009780E2 /* FirebaseStorageCombine-Community in Frameworks */ = {isa = PBXBuildFile; productRef = 7FC0D81D2BE3A4F5009780E2 /* FirebaseStorageCombine-Community */; };
		7FC0D8202BE3A9DC009780E2 /* User.swift in Sources */ = {isa = PBXBuildFile; fileRef = 7FC0D81F2BE3A9DC009780E2 /* User.swift */; };
		7FC0D8222BE3AB08009780E2 /* UserViewModel.swift in Sources */ = {isa = PBXBuildFile; fileRef = 7FC0D8212BE3AB08009780E2 /* UserViewModel.swift */; };
		7FC0D8242BE3ADA1009780E2 /* FirebaseAnalytics in Frameworks */ = {isa = PBXBuildFile; productRef = 7FC0D8232BE3ADA1009780E2 /* FirebaseAnalytics */; };
		7FC0D8262BE3ADA1009780E2 /* FirebaseAnalyticsOnDeviceConversion in Frameworks */ = {isa = PBXBuildFile; productRef = 7FC0D8252BE3ADA1009780E2 /* FirebaseAnalyticsOnDeviceConversion */; };
		7FC0D8282BE3ADA1009780E2 /* FirebaseAnalyticsSwift in Frameworks */ = {isa = PBXBuildFile; productRef = 7FC0D8272BE3ADA1009780E2 /* FirebaseAnalyticsSwift */; };
		7FC0D82A2BE3ADA1009780E2 /* FirebaseAnalyticsWithoutAdIdSupport in Frameworks */ = {isa = PBXBuildFile; productRef = 7FC0D8292BE3ADA1009780E2 /* FirebaseAnalyticsWithoutAdIdSupport */; };
		7FC0D82C2BE3ADA1009780E2 /* FirebaseAppCheck in Frameworks */ = {isa = PBXBuildFile; productRef = 7FC0D82B2BE3ADA1009780E2 /* FirebaseAppCheck */; };
		7FC0D82E2BE3ADA1009780E2 /* FirebaseAppDistribution-Beta in Frameworks */ = {isa = PBXBuildFile; productRef = 7FC0D82D2BE3ADA1009780E2 /* FirebaseAppDistribution-Beta */; };
		7FC0D8302BE3ADA1009780E2 /* FirebaseAuth in Frameworks */ = {isa = PBXBuildFile; productRef = 7FC0D82F2BE3ADA1009780E2 /* FirebaseAuth */; };
		7FC0D8322BE3ADA1009780E2 /* FirebaseAuthCombine-Community in Frameworks */ = {isa = PBXBuildFile; productRef = 7FC0D8312BE3ADA1009780E2 /* FirebaseAuthCombine-Community */; };
		7FC0D8342BE3ADA1009780E2 /* FirebaseCrashlytics in Frameworks */ = {isa = PBXBuildFile; productRef = 7FC0D8332BE3ADA1009780E2 /* FirebaseCrashlytics */; };
		7FC0D8362BE3ADA1009780E2 /* FirebaseDatabase in Frameworks */ = {isa = PBXBuildFile; productRef = 7FC0D8352BE3ADA1009780E2 /* FirebaseDatabase */; };
		7FC0D8382BE3ADA1009780E2 /* FirebaseDatabaseSwift in Frameworks */ = {isa = PBXBuildFile; productRef = 7FC0D8372BE3ADA1009780E2 /* FirebaseDatabaseSwift */; };
		7FC0D83A2BE3ADA1009780E2 /* FirebaseDynamicLinks in Frameworks */ = {isa = PBXBuildFile; productRef = 7FC0D8392BE3ADA1009780E2 /* FirebaseDynamicLinks */; };
		7FC0D83C2BE3ADA1009780E2 /* FirebaseFirestore in Frameworks */ = {isa = PBXBuildFile; productRef = 7FC0D83B2BE3ADA1009780E2 /* FirebaseFirestore */; };
		7FC0D83E2BE3ADA1009780E2 /* FirebaseFirestoreCombine-Community in Frameworks */ = {isa = PBXBuildFile; productRef = 7FC0D83D2BE3ADA1009780E2 /* FirebaseFirestoreCombine-Community */; };
		7FC0D8402BE3ADA1009780E2 /* FirebaseFirestoreSwift in Frameworks */ = {isa = PBXBuildFile; productRef = 7FC0D83F2BE3ADA1009780E2 /* FirebaseFirestoreSwift */; };
		7FC0D8422BE3ADA1009780E2 /* FirebaseFunctions in Frameworks */ = {isa = PBXBuildFile; productRef = 7FC0D8412BE3ADA1009780E2 /* FirebaseFunctions */; };
		7FC0D8442BE3ADA1009780E2 /* FirebaseFunctionsCombine-Community in Frameworks */ = {isa = PBXBuildFile; productRef = 7FC0D8432BE3ADA1009780E2 /* FirebaseFunctionsCombine-Community */; };
		7FC0D8462BE3ADA1009780E2 /* FirebaseInAppMessaging-Beta in Frameworks */ = {isa = PBXBuildFile; productRef = 7FC0D8452BE3ADA1009780E2 /* FirebaseInAppMessaging-Beta */; };
		7FC0D8482BE3ADA1009780E2 /* FirebaseInAppMessagingSwift-Beta in Frameworks */ = {isa = PBXBuildFile; productRef = 7FC0D8472BE3ADA1009780E2 /* FirebaseInAppMessagingSwift-Beta */; };
		7FC0D84A2BE3ADA1009780E2 /* FirebaseInstallations in Frameworks */ = {isa = PBXBuildFile; productRef = 7FC0D8492BE3ADA1009780E2 /* FirebaseInstallations */; };
		7FC0D84C2BE3ADA1009780E2 /* FirebaseMLModelDownloader in Frameworks */ = {isa = PBXBuildFile; productRef = 7FC0D84B2BE3ADA1009780E2 /* FirebaseMLModelDownloader */; };
		7FC0D84E2BE3ADA1009780E2 /* FirebaseMessaging in Frameworks */ = {isa = PBXBuildFile; productRef = 7FC0D84D2BE3ADA1009780E2 /* FirebaseMessaging */; };
		7FC0D8502BE3ADA1009780E2 /* FirebasePerformance in Frameworks */ = {isa = PBXBuildFile; productRef = 7FC0D84F2BE3ADA1009780E2 /* FirebasePerformance */; };
		7FC0D8522BE3ADA1009780E2 /* FirebaseRemoteConfig in Frameworks */ = {isa = PBXBuildFile; productRef = 7FC0D8512BE3ADA1009780E2 /* FirebaseRemoteConfig */; };
		7FC0D8542BE3ADA1009780E2 /* FirebaseRemoteConfigSwift in Frameworks */ = {isa = PBXBuildFile; productRef = 7FC0D8532BE3ADA1009780E2 /* FirebaseRemoteConfigSwift */; };
		7FC0D8562BE3ADA1009780E2 /* FirebaseStorage in Frameworks */ = {isa = PBXBuildFile; productRef = 7FC0D8552BE3ADA1009780E2 /* FirebaseStorage */; };
		7FC0D8582BE3ADA1009780E2 /* FirebaseStorageCombine-Community in Frameworks */ = {isa = PBXBuildFile; productRef = 7FC0D8572BE3ADA1009780E2 /* FirebaseStorageCombine-Community */; };
		EC61A94C2BDCC1280041E1EE /* JournalView.swift in Sources */ = {isa = PBXBuildFile; fileRef = EC61A94B2BDCC1280041E1EE /* JournalView.swift */; };
		EC632DCD2BDA1F7900AB909E /* Color.swift in Sources */ = {isa = PBXBuildFile; fileRef = EC632DCC2BDA1F7900AB909E /* Color.swift */; };
/* End PBXBuildFile section */

/* Begin PBXFileReference section */
		7F25C5682BD224A2008E412C /* TurnPages.app */ = {isa = PBXFileReference; explicitFileType = wrapper.application; includeInIndex = 0; path = TurnPages.app; sourceTree = BUILT_PRODUCTS_DIR; };
		7F25C56B2BD224A2008E412C /* TurnPagesApp.swift */ = {isa = PBXFileReference; lastKnownFileType = sourcecode.swift; path = TurnPagesApp.swift; sourceTree = "<group>"; };
		7F25C56D2BD224A2008E412C /* ContentView.swift */ = {isa = PBXFileReference; lastKnownFileType = sourcecode.swift; path = ContentView.swift; sourceTree = "<group>"; };
		7F25C56F2BD224A2008E412C /* Item.swift */ = {isa = PBXFileReference; lastKnownFileType = sourcecode.swift; path = Item.swift; sourceTree = "<group>"; };
		7F25C5712BD224A4008E412C /* Assets.xcassets */ = {isa = PBXFileReference; lastKnownFileType = folder.assetcatalog; path = Assets.xcassets; sourceTree = "<group>"; };
		7F25C5732BD224A4008E412C /* TurnPages.entitlements */ = {isa = PBXFileReference; lastKnownFileType = text.plist.entitlements; path = TurnPages.entitlements; sourceTree = "<group>"; };
		7F25C5752BD224A4008E412C /* Preview Assets.xcassets */ = {isa = PBXFileReference; lastKnownFileType = folder.assetcatalog; path = "Preview Assets.xcassets"; sourceTree = "<group>"; };
		7F5ABFC22BDC794B00CDC947 /* Info.plist */ = {isa = PBXFileReference; lastKnownFileType = text.plist; path = Info.plist; sourceTree = "<group>"; };
		7F7928B02BDA2C3400056763 /* UserView.swift */ = {isa = PBXFileReference; lastKnownFileType = sourcecode.swift; path = UserView.swift; sourceTree = "<group>"; };
		7F7928B42BDA54DF00056763 /* Book.swift */ = {isa = PBXFileReference; lastKnownFileType = sourcecode.swift; path = Book.swift; sourceTree = "<group>"; };
		7F7928B62BDA550900056763 /* NameNow.swift */ = {isa = PBXFileReference; lastKnownFileType = sourcecode.swift; path = NameNow.swift; sourceTree = "<group>"; };
		7F7928B82BDA559700056763 /* Search.swift */ = {isa = PBXFileReference; lastKnownFileType = sourcecode.swift; path = Search.swift; sourceTree = "<group>"; };
		7FC0D7E62BE3A3AB009780E2 /* GoogleService-Info.plist */ = {isa = PBXFileReference; fileEncoding = 4; lastKnownFileType = text.plist.xml; name = "GoogleService-Info.plist"; path = "../../../../Downloads/GoogleService-Info.plist"; sourceTree = "<group>"; };
		7FC0D81F2BE3A9DC009780E2 /* User.swift */ = {isa = PBXFileReference; lastKnownFileType = sourcecode.swift; path = User.swift; sourceTree = "<group>"; };
		7FC0D8212BE3AB08009780E2 /* UserViewModel.swift */ = {isa = PBXFileReference; lastKnownFileType = sourcecode.swift; path = UserViewModel.swift; sourceTree = "<group>"; };
		EC61A94B2BDCC1280041E1EE /* JournalView.swift */ = {isa = PBXFileReference; lastKnownFileType = sourcecode.swift; path = JournalView.swift; sourceTree = "<group>"; };
		EC632DCC2BDA1F7900AB909E /* Color.swift */ = {isa = PBXFileReference; lastKnownFileType = sourcecode.swift; path = Color.swift; sourceTree = "<group>"; };
/* End PBXFileReference section */

/* Begin PBXFrameworksBuildPhase section */
		7F25C5652BD224A2008E412C /* Frameworks */ = {
			isa = PBXFrameworksBuildPhase;
			buildActionMask = 2147483647;
			files = (
				7FC0D7FC2BE3A4F5009780E2 /* FirebaseDatabase in Frameworks */,
				7FC0D80A2BE3A4F5009780E2 /* FirebaseFunctionsCombine-Community in Frameworks */,
				7FC0D8022BE3A4F5009780E2 /* FirebaseFirestore in Frameworks */,
				7FC0D84C2BE3ADA1009780E2 /* FirebaseMLModelDownloader in Frameworks */,
				7FC0D7EE2BE3A4F5009780E2 /* FirebaseAnalyticsSwift in Frameworks */,
				7FC0D8482BE3ADA1009780E2 /* FirebaseInAppMessagingSwift-Beta in Frameworks */,
				7FC0D7EA2BE3A4F5009780E2 /* FirebaseAnalytics in Frameworks */,
				7FC0D7EC2BE3A4F5009780E2 /* FirebaseAnalyticsOnDeviceConversion in Frameworks */,
				7FC0D8122BE3A4F5009780E2 /* FirebaseMLModelDownloader in Frameworks */,
				7FC0D8062BE3A4F5009780E2 /* FirebaseFirestoreSwift in Frameworks */,
				7FC0D7F22BE3A4F5009780E2 /* FirebaseAppCheck in Frameworks */,
				7FC0D7F02BE3A4F5009780E2 /* FirebaseAnalyticsWithoutAdIdSupport in Frameworks */,
				7FC0D84A2BE3ADA1009780E2 /* FirebaseInstallations in Frameworks */,
				7FC0D7F62BE3A4F5009780E2 /* FirebaseAuth in Frameworks */,
				7FC0D7FA2BE3A4F5009780E2 /* FirebaseCrashlytics in Frameworks */,
				7FC0D81A2BE3A4F5009780E2 /* FirebaseRemoteConfigSwift in Frameworks */,
				7FC0D8582BE3ADA1009780E2 /* FirebaseStorageCombine-Community in Frameworks */,
				7FC0D83C2BE3ADA1009780E2 /* FirebaseFirestore in Frameworks */,
				7FC0D8262BE3ADA1009780E2 /* FirebaseAnalyticsOnDeviceConversion in Frameworks */,
				7FC0D80C2BE3A4F5009780E2 /* FirebaseInAppMessaging-Beta in Frameworks */,
				7FC0D8242BE3ADA1009780E2 /* FirebaseAnalytics in Frameworks */,
				7FC0D8402BE3ADA1009780E2 /* FirebaseFirestoreSwift in Frameworks */,
				7FC0D8522BE3ADA1009780E2 /* FirebaseRemoteConfig in Frameworks */,
				7FC0D82C2BE3ADA1009780E2 /* FirebaseAppCheck in Frameworks */,
				7FC0D82A2BE3ADA1009780E2 /* FirebaseAnalyticsWithoutAdIdSupport in Frameworks */,
				7FC0D8562BE3ADA1009780E2 /* FirebaseStorage in Frameworks */,
				7FC0D7FE2BE3A4F5009780E2 /* FirebaseDatabaseSwift in Frameworks */,
				7FC0D8542BE3ADA1009780E2 /* FirebaseRemoteConfigSwift in Frameworks */,
				7FC0D8322BE3ADA1009780E2 /* FirebaseAuthCombine-Community in Frameworks */,
				7FC0D8302BE3ADA1009780E2 /* FirebaseAuth in Frameworks */,
				7FC0D8082BE3A4F5009780E2 /* FirebaseFunctions in Frameworks */,
				7FC0D82E2BE3ADA1009780E2 /* FirebaseAppDistribution-Beta in Frameworks */,
				7FC0D81E2BE3A4F5009780E2 /* FirebaseStorageCombine-Community in Frameworks */,
				7FC0D8182BE3A4F5009780E2 /* FirebaseRemoteConfig in Frameworks */,
				7FC0D7F42BE3A4F5009780E2 /* FirebaseAppDistribution-Beta in Frameworks */,
				7FC0D7F82BE3A4F5009780E2 /* FirebaseAuthCombine-Community in Frameworks */,
				7FC0D8462BE3ADA1009780E2 /* FirebaseInAppMessaging-Beta in Frameworks */,
				7FC0D8162BE3A4F5009780E2 /* FirebasePerformance in Frameworks */,
				7FC0D80E2BE3A4F5009780E2 /* FirebaseInAppMessagingSwift-Beta in Frameworks */,
				7FC0D8442BE3ADA1009780E2 /* FirebaseFunctionsCombine-Community in Frameworks */,
				7FC0D8362BE3ADA1009780E2 /* FirebaseDatabase in Frameworks */,
				7FC0D84E2BE3ADA1009780E2 /* FirebaseMessaging in Frameworks */,
				7FC0D8282BE3ADA1009780E2 /* FirebaseAnalyticsSwift in Frameworks */,
				7FC0D8422BE3ADA1009780E2 /* FirebaseFunctions in Frameworks */,
				7FC0D81C2BE3A4F5009780E2 /* FirebaseStorage in Frameworks */,
				7FC0D8382BE3ADA1009780E2 /* FirebaseDatabaseSwift in Frameworks */,
				7FC0D8502BE3ADA1009780E2 /* FirebasePerformance in Frameworks */,
				7FC0D8002BE3A4F5009780E2 /* FirebaseDynamicLinks in Frameworks */,
				7FC0D8042BE3A4F5009780E2 /* FirebaseFirestoreCombine-Community in Frameworks */,
				7FC0D8342BE3ADA1009780E2 /* FirebaseCrashlytics in Frameworks */,
				7FC0D8142BE3A4F5009780E2 /* FirebaseMessaging in Frameworks */,
				7FC0D8102BE3A4F5009780E2 /* FirebaseInstallations in Frameworks */,
				7FC0D83E2BE3ADA1009780E2 /* FirebaseFirestoreCombine-Community in Frameworks */,
				7FC0D83A2BE3ADA1009780E2 /* FirebaseDynamicLinks in Frameworks */,
			);
			runOnlyForDeploymentPostprocessing = 0;
		};
/* End PBXFrameworksBuildPhase section */

/* Begin PBXGroup section */
		7F25C55F2BD224A2008E412C = {
			isa = PBXGroup;
			children = (
				7F25C56A2BD224A2008E412C /* TurnPages */,
				7F25C5692BD224A2008E412C /* Products */,
			);
			sourceTree = "<group>";
		};
		7F25C5692BD224A2008E412C /* Products */ = {
			isa = PBXGroup;
			children = (
				7F25C5682BD224A2008E412C /* TurnPages.app */,
			);
			name = Products;
			sourceTree = "<group>";
		};
		7F25C56A2BD224A2008E412C /* TurnPages */ = {
			isa = PBXGroup;
			children = (
				7FC0D79D2BE2CAC9009780E2 /* Model */,
				7FC0D79F2BE2CB0C009780E2 /* ViewModel */,
				7FC0D79E2BE2CAE5009780E2 /* View */,
				EC632DCC2BDA1F7900AB909E /* Color.swift */,
				7F25C56B2BD224A2008E412C /* TurnPagesApp.swift */,
				7F25C56F2BD224A2008E412C /* Item.swift */,
				7F5ABFC22BDC794B00CDC947 /* Info.plist */,
				7FC0D7E62BE3A3AB009780E2 /* GoogleService-Info.plist */,
				7F25C5712BD224A4008E412C /* Assets.xcassets */,
				7F25C5732BD224A4008E412C /* TurnPages.entitlements */,
				7F25C5742BD224A4008E412C /* Preview Content */,
			);
			path = TurnPages;
			sourceTree = "<group>";
		};
		7F25C5742BD224A4008E412C /* Preview Content */ = {
			isa = PBXGroup;
			children = (
				7F25C5752BD224A4008E412C /* Preview Assets.xcassets */,
			);
			path = "Preview Content";
			sourceTree = "<group>";
		};
		7FC0D79D2BE2CAC9009780E2 /* Model */ = {
			isa = PBXGroup;
			children = (
				7F7928B42BDA54DF00056763 /* Book.swift */,
				7FC0D81F2BE3A9DC009780E2 /* User.swift */,
			);
			path = Model;
			sourceTree = "<group>";
		};
		7FC0D79E2BE2CAE5009780E2 /* View */ = {
			isa = PBXGroup;
			children = (
				7F7928B82BDA559700056763 /* Search.swift */,
				EC61A94B2BDCC1280041E1EE /* JournalView.swift */,
				7F7928B02BDA2C3400056763 /* UserView.swift */,
				7F25C56D2BD224A2008E412C /* ContentView.swift */,
			);
			path = View;
			sourceTree = "<group>";
		};
		7FC0D79F2BE2CB0C009780E2 /* ViewModel */ = {
			isa = PBXGroup;
			children = (
				7F7928B62BDA550900056763 /* NameNow.swift */,
				7FC0D8212BE3AB08009780E2 /* UserViewModel.swift */,
			);
			path = ViewModel;
			sourceTree = "<group>";
		};
/* End PBXGroup section */

/* Begin PBXNativeTarget section */
		7F25C5672BD224A2008E412C /* TurnPages */ = {
			isa = PBXNativeTarget;
			buildConfigurationList = 7F25C5792BD224A4008E412C /* Build configuration list for PBXNativeTarget "TurnPages" */;
			buildPhases = (
				7F25C5642BD224A2008E412C /* Sources */,
				7F25C5652BD224A2008E412C /* Frameworks */,
				7F25C5662BD224A2008E412C /* Resources */,
			);
			buildRules = (
			);
			dependencies = (
			);
			name = TurnPages;
			packageProductDependencies = (
				7FC0D7E92BE3A4F5009780E2 /* FirebaseAnalytics */,
				7FC0D7EB2BE3A4F5009780E2 /* FirebaseAnalyticsOnDeviceConversion */,
				7FC0D7ED2BE3A4F5009780E2 /* FirebaseAnalyticsSwift */,
				7FC0D7EF2BE3A4F5009780E2 /* FirebaseAnalyticsWithoutAdIdSupport */,
				7FC0D7F12BE3A4F5009780E2 /* FirebaseAppCheck */,
				7FC0D7F32BE3A4F5009780E2 /* FirebaseAppDistribution-Beta */,
				7FC0D7F52BE3A4F5009780E2 /* FirebaseAuth */,
				7FC0D7F72BE3A4F5009780E2 /* FirebaseAuthCombine-Community */,
				7FC0D7F92BE3A4F5009780E2 /* FirebaseCrashlytics */,
				7FC0D7FB2BE3A4F5009780E2 /* FirebaseDatabase */,
				7FC0D7FD2BE3A4F5009780E2 /* FirebaseDatabaseSwift */,
				7FC0D7FF2BE3A4F5009780E2 /* FirebaseDynamicLinks */,
				7FC0D8012BE3A4F5009780E2 /* FirebaseFirestore */,
				7FC0D8032BE3A4F5009780E2 /* FirebaseFirestoreCombine-Community */,
				7FC0D8052BE3A4F5009780E2 /* FirebaseFirestoreSwift */,
				7FC0D8072BE3A4F5009780E2 /* FirebaseFunctions */,
				7FC0D8092BE3A4F5009780E2 /* FirebaseFunctionsCombine-Community */,
				7FC0D80B2BE3A4F5009780E2 /* FirebaseInAppMessaging-Beta */,
				7FC0D80D2BE3A4F5009780E2 /* FirebaseInAppMessagingSwift-Beta */,
				7FC0D80F2BE3A4F5009780E2 /* FirebaseInstallations */,
				7FC0D8112BE3A4F5009780E2 /* FirebaseMLModelDownloader */,
				7FC0D8132BE3A4F5009780E2 /* FirebaseMessaging */,
				7FC0D8152BE3A4F5009780E2 /* FirebasePerformance */,
				7FC0D8172BE3A4F5009780E2 /* FirebaseRemoteConfig */,
				7FC0D8192BE3A4F5009780E2 /* FirebaseRemoteConfigSwift */,
				7FC0D81B2BE3A4F5009780E2 /* FirebaseStorage */,
				7FC0D81D2BE3A4F5009780E2 /* FirebaseStorageCombine-Community */,
				7FC0D8232BE3ADA1009780E2 /* FirebaseAnalytics */,
				7FC0D8252BE3ADA1009780E2 /* FirebaseAnalyticsOnDeviceConversion */,
				7FC0D8272BE3ADA1009780E2 /* FirebaseAnalyticsSwift */,
				7FC0D8292BE3ADA1009780E2 /* FirebaseAnalyticsWithoutAdIdSupport */,
				7FC0D82B2BE3ADA1009780E2 /* FirebaseAppCheck */,
				7FC0D82D2BE3ADA1009780E2 /* FirebaseAppDistribution-Beta */,
				7FC0D82F2BE3ADA1009780E2 /* FirebaseAuth */,
				7FC0D8312BE3ADA1009780E2 /* FirebaseAuthCombine-Community */,
				7FC0D8332BE3ADA1009780E2 /* FirebaseCrashlytics */,
				7FC0D8352BE3ADA1009780E2 /* FirebaseDatabase */,
				7FC0D8372BE3ADA1009780E2 /* FirebaseDatabaseSwift */,
				7FC0D8392BE3ADA1009780E2 /* FirebaseDynamicLinks */,
				7FC0D83B2BE3ADA1009780E2 /* FirebaseFirestore */,
				7FC0D83D2BE3ADA1009780E2 /* FirebaseFirestoreCombine-Community */,
				7FC0D83F2BE3ADA1009780E2 /* FirebaseFirestoreSwift */,
				7FC0D8412BE3ADA1009780E2 /* FirebaseFunctions */,
				7FC0D8432BE3ADA1009780E2 /* FirebaseFunctionsCombine-Community */,
				7FC0D8452BE3ADA1009780E2 /* FirebaseInAppMessaging-Beta */,
				7FC0D8472BE3ADA1009780E2 /* FirebaseInAppMessagingSwift-Beta */,
				7FC0D8492BE3ADA1009780E2 /* FirebaseInstallations */,
				7FC0D84B2BE3ADA1009780E2 /* FirebaseMLModelDownloader */,
				7FC0D84D2BE3ADA1009780E2 /* FirebaseMessaging */,
				7FC0D84F2BE3ADA1009780E2 /* FirebasePerformance */,
				7FC0D8512BE3ADA1009780E2 /* FirebaseRemoteConfig */,
				7FC0D8532BE3ADA1009780E2 /* FirebaseRemoteConfigSwift */,
				7FC0D8552BE3ADA1009780E2 /* FirebaseStorage */,
				7FC0D8572BE3ADA1009780E2 /* FirebaseStorageCombine-Community */,
			);
			productName = TurnPages;
			productReference = 7F25C5682BD224A2008E412C /* TurnPages.app */;
			productType = "com.apple.product-type.application";
		};
/* End PBXNativeTarget section */

/* Begin PBXProject section */
		7F25C5602BD224A2008E412C /* Project object */ = {
			isa = PBXProject;
			attributes = {
				BuildIndependentTargetsInParallel = 1;
				LastSwiftUpdateCheck = 1520;
				LastUpgradeCheck = 1520;
				TargetAttributes = {
					7F25C5672BD224A2008E412C = {
						CreatedOnToolsVersion = 15.2;
					};
				};
			};
			buildConfigurationList = 7F25C5632BD224A2008E412C /* Build configuration list for PBXProject "TurnPages" */;
			compatibilityVersion = "Xcode 14.0";
			developmentRegion = en;
			hasScannedForEncodings = 0;
			knownRegions = (
				en,
				Base,
			);
			mainGroup = 7F25C55F2BD224A2008E412C;
			packageReferences = (
				7FC0D7E82BE3A4F5009780E2 /* XCRemoteSwiftPackageReference "firebase-ios-sdk" */,
			);
			productRefGroup = 7F25C5692BD224A2008E412C /* Products */;
			projectDirPath = "";
			projectRoot = "";
			targets = (
				7F25C5672BD224A2008E412C /* TurnPages */,
			);
		};
/* End PBXProject section */

/* Begin PBXResourcesBuildPhase section */
		7F25C5662BD224A2008E412C /* Resources */ = {
			isa = PBXResourcesBuildPhase;
			buildActionMask = 2147483647;
			files = (
				7F25C5762BD224A4008E412C /* Preview Assets.xcassets in Resources */,
				7F25C5722BD224A4008E412C /* Assets.xcassets in Resources */,
				7FC0D7E72BE3A3AB009780E2 /* GoogleService-Info.plist in Resources */,
			);
			runOnlyForDeploymentPostprocessing = 0;
		};
/* End PBXResourcesBuildPhase section */

/* Begin PBXSourcesBuildPhase section */
		7F25C5642BD224A2008E412C /* Sources */ = {
			isa = PBXSourcesBuildPhase;
			buildActionMask = 2147483647;
			files = (
				7F25C56E2BD224A2008E412C /* ContentView.swift in Sources */,
				7FC0D8222BE3AB08009780E2 /* UserViewModel.swift in Sources */,
				7F7928B52BDA54DF00056763 /* Book.swift in Sources */,
				EC632DCD2BDA1F7900AB909E /* Color.swift in Sources */,
				7F7928B12BDA2C3400056763 /* UserView.swift in Sources */,
				7F7928B92BDA559700056763 /* Search.swift in Sources */,
				7F7928B72BDA550900056763 /* NameNow.swift in Sources */,
				EC61A94C2BDCC1280041E1EE /* JournalView.swift in Sources */,
				7F25C5702BD224A2008E412C /* Item.swift in Sources */,
				7FC0D8202BE3A9DC009780E2 /* User.swift in Sources */,
				7F25C56C2BD224A2008E412C /* TurnPagesApp.swift in Sources */,
			);
			runOnlyForDeploymentPostprocessing = 0;
		};
/* End PBXSourcesBuildPhase section */

/* Begin XCBuildConfiguration section */
		7F25C5772BD224A4008E412C /* Debug */ = {
			isa = XCBuildConfiguration;
			buildSettings = {
				ALWAYS_SEARCH_USER_PATHS = NO;
				ASSETCATALOG_COMPILER_GENERATE_SWIFT_ASSET_SYMBOL_EXTENSIONS = YES;
				CLANG_ANALYZER_NONNULL = YES;
				CLANG_ANALYZER_NUMBER_OBJECT_CONVERSION = YES_AGGRESSIVE;
				CLANG_CXX_LANGUAGE_STANDARD = "gnu++20";
				CLANG_ENABLE_MODULES = YES;
				CLANG_ENABLE_OBJC_ARC = YES;
				CLANG_ENABLE_OBJC_WEAK = YES;
				CLANG_WARN_BLOCK_CAPTURE_AUTORELEASING = YES;
				CLANG_WARN_BOOL_CONVERSION = YES;
				CLANG_WARN_COMMA = YES;
				CLANG_WARN_CONSTANT_CONVERSION = YES;
				CLANG_WARN_DEPRECATED_OBJC_IMPLEMENTATIONS = YES;
				CLANG_WARN_DIRECT_OBJC_ISA_USAGE = YES_ERROR;
				CLANG_WARN_DOCUMENTATION_COMMENTS = YES;
				CLANG_WARN_EMPTY_BODY = YES;
				CLANG_WARN_ENUM_CONVERSION = YES;
				CLANG_WARN_INFINITE_RECURSION = YES;
				CLANG_WARN_INT_CONVERSION = YES;
				CLANG_WARN_NON_LITERAL_NULL_CONVERSION = YES;
				CLANG_WARN_OBJC_IMPLICIT_RETAIN_SELF = YES;
				CLANG_WARN_OBJC_LITERAL_CONVERSION = YES;
				CLANG_WARN_OBJC_ROOT_CLASS = YES_ERROR;
				CLANG_WARN_QUOTED_INCLUDE_IN_FRAMEWORK_HEADER = YES;
				CLANG_WARN_RANGE_LOOP_ANALYSIS = YES;
				CLANG_WARN_STRICT_PROTOTYPES = YES;
				CLANG_WARN_SUSPICIOUS_MOVE = YES;
				CLANG_WARN_UNGUARDED_AVAILABILITY = YES_AGGRESSIVE;
				CLANG_WARN_UNREACHABLE_CODE = YES;
				CLANG_WARN__DUPLICATE_METHOD_MATCH = YES;
				COPY_PHASE_STRIP = NO;
				DEBUG_INFORMATION_FORMAT = dwarf;
				ENABLE_STRICT_OBJC_MSGSEND = YES;
				ENABLE_TESTABILITY = YES;
				ENABLE_USER_SCRIPT_SANDBOXING = YES;
				GCC_C_LANGUAGE_STANDARD = gnu17;
				GCC_DYNAMIC_NO_PIC = NO;
				GCC_NO_COMMON_BLOCKS = YES;
				GCC_OPTIMIZATION_LEVEL = 0;
				GCC_PREPROCESSOR_DEFINITIONS = (
					"DEBUG=1",
					"$(inherited)",
				);
				GCC_WARN_64_TO_32_BIT_CONVERSION = YES;
				GCC_WARN_ABOUT_RETURN_TYPE = YES_ERROR;
				GCC_WARN_UNDECLARED_SELECTOR = YES;
				GCC_WARN_UNINITIALIZED_AUTOS = YES_AGGRESSIVE;
				GCC_WARN_UNUSED_FUNCTION = YES;
				GCC_WARN_UNUSED_VARIABLE = YES;
				LOCALIZATION_PREFERS_STRING_CATALOGS = YES;
				MTL_ENABLE_DEBUG_INFO = INCLUDE_SOURCE;
				MTL_FAST_MATH = YES;
				ONLY_ACTIVE_ARCH = YES;
				SWIFT_ACTIVE_COMPILATION_CONDITIONS = "DEBUG $(inherited)";
				SWIFT_OPTIMIZATION_LEVEL = "-Onone";
			};
			name = Debug;
		};
		7F25C5782BD224A4008E412C /* Release */ = {
			isa = XCBuildConfiguration;
			buildSettings = {
				ALWAYS_SEARCH_USER_PATHS = NO;
				ASSETCATALOG_COMPILER_GENERATE_SWIFT_ASSET_SYMBOL_EXTENSIONS = YES;
				CLANG_ANALYZER_NONNULL = YES;
				CLANG_ANALYZER_NUMBER_OBJECT_CONVERSION = YES_AGGRESSIVE;
				CLANG_CXX_LANGUAGE_STANDARD = "gnu++20";
				CLANG_ENABLE_MODULES = YES;
				CLANG_ENABLE_OBJC_ARC = YES;
				CLANG_ENABLE_OBJC_WEAK = YES;
				CLANG_WARN_BLOCK_CAPTURE_AUTORELEASING = YES;
				CLANG_WARN_BOOL_CONVERSION = YES;
				CLANG_WARN_COMMA = YES;
				CLANG_WARN_CONSTANT_CONVERSION = YES;
				CLANG_WARN_DEPRECATED_OBJC_IMPLEMENTATIONS = YES;
				CLANG_WARN_DIRECT_OBJC_ISA_USAGE = YES_ERROR;
				CLANG_WARN_DOCUMENTATION_COMMENTS = YES;
				CLANG_WARN_EMPTY_BODY = YES;
				CLANG_WARN_ENUM_CONVERSION = YES;
				CLANG_WARN_INFINITE_RECURSION = YES;
				CLANG_WARN_INT_CONVERSION = YES;
				CLANG_WARN_NON_LITERAL_NULL_CONVERSION = YES;
				CLANG_WARN_OBJC_IMPLICIT_RETAIN_SELF = YES;
				CLANG_WARN_OBJC_LITERAL_CONVERSION = YES;
				CLANG_WARN_OBJC_ROOT_CLASS = YES_ERROR;
				CLANG_WARN_QUOTED_INCLUDE_IN_FRAMEWORK_HEADER = YES;
				CLANG_WARN_RANGE_LOOP_ANALYSIS = YES;
				CLANG_WARN_STRICT_PROTOTYPES = YES;
				CLANG_WARN_SUSPICIOUS_MOVE = YES;
				CLANG_WARN_UNGUARDED_AVAILABILITY = YES_AGGRESSIVE;
				CLANG_WARN_UNREACHABLE_CODE = YES;
				CLANG_WARN__DUPLICATE_METHOD_MATCH = YES;
				COPY_PHASE_STRIP = NO;
				DEBUG_INFORMATION_FORMAT = "dwarf-with-dsym";
				ENABLE_NS_ASSERTIONS = NO;
				ENABLE_STRICT_OBJC_MSGSEND = YES;
				ENABLE_USER_SCRIPT_SANDBOXING = YES;
				GCC_C_LANGUAGE_STANDARD = gnu17;
				GCC_NO_COMMON_BLOCKS = YES;
				GCC_WARN_64_TO_32_BIT_CONVERSION = YES;
				GCC_WARN_ABOUT_RETURN_TYPE = YES_ERROR;
				GCC_WARN_UNDECLARED_SELECTOR = YES;
				GCC_WARN_UNINITIALIZED_AUTOS = YES_AGGRESSIVE;
				GCC_WARN_UNUSED_FUNCTION = YES;
				GCC_WARN_UNUSED_VARIABLE = YES;
				LOCALIZATION_PREFERS_STRING_CATALOGS = YES;
				MTL_ENABLE_DEBUG_INFO = NO;
				MTL_FAST_MATH = YES;
				SWIFT_COMPILATION_MODE = wholemodule;
			};
			name = Release;
		};
		7F25C57A2BD224A4008E412C /* Debug */ = {
			isa = XCBuildConfiguration;
			buildSettings = {
				ASSETCATALOG_COMPILER_APPICON_NAME = AppIcon;
				ASSETCATALOG_COMPILER_GLOBAL_ACCENT_COLOR_NAME = AccentColor;
				CODE_SIGN_ENTITLEMENTS = TurnPages/TurnPages.entitlements;
				CODE_SIGN_STYLE = Automatic;
				CURRENT_PROJECT_VERSION = 1;
				DEVELOPMENT_ASSET_PATHS = "\"TurnPages/Preview Content\"";
				DEVELOPMENT_TEAM = 78T933SQKJ;
				ENABLE_HARDENED_RUNTIME = YES;
				ENABLE_PREVIEWS = YES;
				GENERATE_INFOPLIST_FILE = YES;
				INFOPLIST_FILE = TurnPages/Info.plist;
				"INFOPLIST_KEY_UIApplicationSceneManifest_Generation[sdk=iphoneos*]" = YES;
				"INFOPLIST_KEY_UIApplicationSceneManifest_Generation[sdk=iphonesimulator*]" = YES;
				"INFOPLIST_KEY_UIApplicationSupportsIndirectInputEvents[sdk=iphoneos*]" = YES;
				"INFOPLIST_KEY_UIApplicationSupportsIndirectInputEvents[sdk=iphonesimulator*]" = YES;
				"INFOPLIST_KEY_UILaunchScreen_Generation[sdk=iphoneos*]" = YES;
				"INFOPLIST_KEY_UILaunchScreen_Generation[sdk=iphonesimulator*]" = YES;
				"INFOPLIST_KEY_UIStatusBarStyle[sdk=iphoneos*]" = UIStatusBarStyleDefault;
				"INFOPLIST_KEY_UIStatusBarStyle[sdk=iphonesimulator*]" = UIStatusBarStyleDefault;
				INFOPLIST_KEY_UISupportedInterfaceOrientations_iPad = "UIInterfaceOrientationPortrait UIInterfaceOrientationPortraitUpsideDown UIInterfaceOrientationLandscapeLeft UIInterfaceOrientationLandscapeRight";
				INFOPLIST_KEY_UISupportedInterfaceOrientations_iPhone = "UIInterfaceOrientationPortrait UIInterfaceOrientationLandscapeLeft UIInterfaceOrientationLandscapeRight";
				IPHONEOS_DEPLOYMENT_TARGET = 17.2;
				LD_RUNPATH_SEARCH_PATHS = "@executable_path/Frameworks";
				"LD_RUNPATH_SEARCH_PATHS[sdk=macosx*]" = "@executable_path/../Frameworks";
				MACOSX_DEPLOYMENT_TARGET = 14.0;
				MARKETING_VERSION = 1.0;
				PRODUCT_BUNDLE_IDENTIFIER = CubstartTeam.TurnPages;
				PRODUCT_NAME = "$(TARGET_NAME)";
				SDKROOT = auto;
				SUPPORTED_PLATFORMS = "iphoneos iphonesimulator macosx";
				SWIFT_EMIT_LOC_STRINGS = YES;
				SWIFT_VERSION = 5.0;
				TARGETED_DEVICE_FAMILY = "1,2";
			};
			name = Debug;
		};
		7F25C57B2BD224A4008E412C /* Release */ = {
			isa = XCBuildConfiguration;
			buildSettings = {
				ASSETCATALOG_COMPILER_APPICON_NAME = AppIcon;
				ASSETCATALOG_COMPILER_GLOBAL_ACCENT_COLOR_NAME = AccentColor;
				CODE_SIGN_ENTITLEMENTS = TurnPages/TurnPages.entitlements;
				CODE_SIGN_STYLE = Automatic;
				CURRENT_PROJECT_VERSION = 1;
				DEVELOPMENT_ASSET_PATHS = "\"TurnPages/Preview Content\"";
				DEVELOPMENT_TEAM = 78T933SQKJ;
				ENABLE_HARDENED_RUNTIME = YES;
				ENABLE_PREVIEWS = YES;
				GENERATE_INFOPLIST_FILE = YES;
				INFOPLIST_FILE = TurnPages/Info.plist;
				"INFOPLIST_KEY_UIApplicationSceneManifest_Generation[sdk=iphoneos*]" = YES;
				"INFOPLIST_KEY_UIApplicationSceneManifest_Generation[sdk=iphonesimulator*]" = YES;
				"INFOPLIST_KEY_UIApplicationSupportsIndirectInputEvents[sdk=iphoneos*]" = YES;
				"INFOPLIST_KEY_UIApplicationSupportsIndirectInputEvents[sdk=iphonesimulator*]" = YES;
				"INFOPLIST_KEY_UILaunchScreen_Generation[sdk=iphoneos*]" = YES;
				"INFOPLIST_KEY_UILaunchScreen_Generation[sdk=iphonesimulator*]" = YES;
				"INFOPLIST_KEY_UIStatusBarStyle[sdk=iphoneos*]" = UIStatusBarStyleDefault;
				"INFOPLIST_KEY_UIStatusBarStyle[sdk=iphonesimulator*]" = UIStatusBarStyleDefault;
				INFOPLIST_KEY_UISupportedInterfaceOrientations_iPad = "UIInterfaceOrientationPortrait UIInterfaceOrientationPortraitUpsideDown UIInterfaceOrientationLandscapeLeft UIInterfaceOrientationLandscapeRight";
				INFOPLIST_KEY_UISupportedInterfaceOrientations_iPhone = "UIInterfaceOrientationPortrait UIInterfaceOrientationLandscapeLeft UIInterfaceOrientationLandscapeRight";
				IPHONEOS_DEPLOYMENT_TARGET = 17.2;
				LD_RUNPATH_SEARCH_PATHS = "@executable_path/Frameworks";
				"LD_RUNPATH_SEARCH_PATHS[sdk=macosx*]" = "@executable_path/../Frameworks";
				MACOSX_DEPLOYMENT_TARGET = 14.0;
				MARKETING_VERSION = 1.0;
				PRODUCT_BUNDLE_IDENTIFIER = CubstartTeam.TurnPages;
				PRODUCT_NAME = "$(TARGET_NAME)";
				SDKROOT = auto;
				SUPPORTED_PLATFORMS = "iphoneos iphonesimulator macosx";
				SWIFT_EMIT_LOC_STRINGS = YES;
				SWIFT_VERSION = 5.0;
				TARGETED_DEVICE_FAMILY = "1,2";
			};
			name = Release;
		};
/* End XCBuildConfiguration section */

/* Begin XCConfigurationList section */
		7F25C5632BD224A2008E412C /* Build configuration list for PBXProject "TurnPages" */ = {
			isa = XCConfigurationList;
			buildConfigurations = (
				7F25C5772BD224A4008E412C /* Debug */,
				7F25C5782BD224A4008E412C /* Release */,
			);
			defaultConfigurationIsVisible = 0;
			defaultConfigurationName = Release;
		};
		7F25C5792BD224A4008E412C /* Build configuration list for PBXNativeTarget "TurnPages" */ = {
			isa = XCConfigurationList;
			buildConfigurations = (
				7F25C57A2BD224A4008E412C /* Debug */,
				7F25C57B2BD224A4008E412C /* Release */,
			);
			defaultConfigurationIsVisible = 0;
			defaultConfigurationName = Release;
		};
/* End XCConfigurationList section */

/* Begin XCRemoteSwiftPackageReference section */
		7FC0D7E82BE3A4F5009780E2 /* XCRemoteSwiftPackageReference "firebase-ios-sdk" */ = {
			isa = XCRemoteSwiftPackageReference;
			repositoryURL = "https://github.com/firebase/firebase-ios-sdk";
			requirement = {
				kind = upToNextMajorVersion;
				minimumVersion = 10.25.0;
			};
		};
/* End XCRemoteSwiftPackageReference section */

/* Begin XCSwiftPackageProductDependency section */
		7FC0D7E92BE3A4F5009780E2 /* FirebaseAnalytics */ = {
			isa = XCSwiftPackageProductDependency;
			package = 7FC0D7E82BE3A4F5009780E2 /* XCRemoteSwiftPackageReference "firebase-ios-sdk" */;
			productName = FirebaseAnalytics;
		};
		7FC0D7EB2BE3A4F5009780E2 /* FirebaseAnalyticsOnDeviceConversion */ = {
			isa = XCSwiftPackageProductDependency;
			package = 7FC0D7E82BE3A4F5009780E2 /* XCRemoteSwiftPackageReference "firebase-ios-sdk" */;
			productName = FirebaseAnalyticsOnDeviceConversion;
		};
		7FC0D7ED2BE3A4F5009780E2 /* FirebaseAnalyticsSwift */ = {
			isa = XCSwiftPackageProductDependency;
			package = 7FC0D7E82BE3A4F5009780E2 /* XCRemoteSwiftPackageReference "firebase-ios-sdk" */;
			productName = FirebaseAnalyticsSwift;
		};
		7FC0D7EF2BE3A4F5009780E2 /* FirebaseAnalyticsWithoutAdIdSupport */ = {
			isa = XCSwiftPackageProductDependency;
			package = 7FC0D7E82BE3A4F5009780E2 /* XCRemoteSwiftPackageReference "firebase-ios-sdk" */;
			productName = FirebaseAnalyticsWithoutAdIdSupport;
		};
		7FC0D7F12BE3A4F5009780E2 /* FirebaseAppCheck */ = {
			isa = XCSwiftPackageProductDependency;
			package = 7FC0D7E82BE3A4F5009780E2 /* XCRemoteSwiftPackageReference "firebase-ios-sdk" */;
			productName = FirebaseAppCheck;
		};
		7FC0D7F32BE3A4F5009780E2 /* FirebaseAppDistribution-Beta */ = {
			isa = XCSwiftPackageProductDependency;
			package = 7FC0D7E82BE3A4F5009780E2 /* XCRemoteSwiftPackageReference "firebase-ios-sdk" */;
			productName = "FirebaseAppDistribution-Beta";
		};
		7FC0D7F52BE3A4F5009780E2 /* FirebaseAuth */ = {
			isa = XCSwiftPackageProductDependency;
			package = 7FC0D7E82BE3A4F5009780E2 /* XCRemoteSwiftPackageReference "firebase-ios-sdk" */;
			productName = FirebaseAuth;
		};
		7FC0D7F72BE3A4F5009780E2 /* FirebaseAuthCombine-Community */ = {
			isa = XCSwiftPackageProductDependency;
			package = 7FC0D7E82BE3A4F5009780E2 /* XCRemoteSwiftPackageReference "firebase-ios-sdk" */;
			productName = "FirebaseAuthCombine-Community";
		};
		7FC0D7F92BE3A4F5009780E2 /* FirebaseCrashlytics */ = {
			isa = XCSwiftPackageProductDependency;
			package = 7FC0D7E82BE3A4F5009780E2 /* XCRemoteSwiftPackageReference "firebase-ios-sdk" */;
			productName = FirebaseCrashlytics;
		};
		7FC0D7FB2BE3A4F5009780E2 /* FirebaseDatabase */ = {
			isa = XCSwiftPackageProductDependency;
			package = 7FC0D7E82BE3A4F5009780E2 /* XCRemoteSwiftPackageReference "firebase-ios-sdk" */;
			productName = FirebaseDatabase;
		};
		7FC0D7FD2BE3A4F5009780E2 /* FirebaseDatabaseSwift */ = {
			isa = XCSwiftPackageProductDependency;
			package = 7FC0D7E82BE3A4F5009780E2 /* XCRemoteSwiftPackageReference "firebase-ios-sdk" */;
			productName = FirebaseDatabaseSwift;
		};
		7FC0D7FF2BE3A4F5009780E2 /* FirebaseDynamicLinks */ = {
			isa = XCSwiftPackageProductDependency;
			package = 7FC0D7E82BE3A4F5009780E2 /* XCRemoteSwiftPackageReference "firebase-ios-sdk" */;
			productName = FirebaseDynamicLinks;
		};
		7FC0D8012BE3A4F5009780E2 /* FirebaseFirestore */ = {
			isa = XCSwiftPackageProductDependency;
			package = 7FC0D7E82BE3A4F5009780E2 /* XCRemoteSwiftPackageReference "firebase-ios-sdk" */;
			productName = FirebaseFirestore;
		};
		7FC0D8032BE3A4F5009780E2 /* FirebaseFirestoreCombine-Community */ = {
			isa = XCSwiftPackageProductDependency;
			package = 7FC0D7E82BE3A4F5009780E2 /* XCRemoteSwiftPackageReference "firebase-ios-sdk" */;
			productName = "FirebaseFirestoreCombine-Community";
		};
		7FC0D8052BE3A4F5009780E2 /* FirebaseFirestoreSwift */ = {
			isa = XCSwiftPackageProductDependency;
			package = 7FC0D7E82BE3A4F5009780E2 /* XCRemoteSwiftPackageReference "firebase-ios-sdk" */;
			productName = FirebaseFirestoreSwift;
		};
		7FC0D8072BE3A4F5009780E2 /* FirebaseFunctions */ = {
			isa = XCSwiftPackageProductDependency;
			package = 7FC0D7E82BE3A4F5009780E2 /* XCRemoteSwiftPackageReference "firebase-ios-sdk" */;
			productName = FirebaseFunctions;
		};
		7FC0D8092BE3A4F5009780E2 /* FirebaseFunctionsCombine-Community */ = {
			isa = XCSwiftPackageProductDependency;
			package = 7FC0D7E82BE3A4F5009780E2 /* XCRemoteSwiftPackageReference "firebase-ios-sdk" */;
			productName = "FirebaseFunctionsCombine-Community";
		};
		7FC0D80B2BE3A4F5009780E2 /* FirebaseInAppMessaging-Beta */ = {
			isa = XCSwiftPackageProductDependency;
			package = 7FC0D7E82BE3A4F5009780E2 /* XCRemoteSwiftPackageReference "firebase-ios-sdk" */;
			productName = "FirebaseInAppMessaging-Beta";
		};
		7FC0D80D2BE3A4F5009780E2 /* FirebaseInAppMessagingSwift-Beta */ = {
			isa = XCSwiftPackageProductDependency;
			package = 7FC0D7E82BE3A4F5009780E2 /* XCRemoteSwiftPackageReference "firebase-ios-sdk" */;
			productName = "FirebaseInAppMessagingSwift-Beta";
		};
		7FC0D80F2BE3A4F5009780E2 /* FirebaseInstallations */ = {
			isa = XCSwiftPackageProductDependency;
			package = 7FC0D7E82BE3A4F5009780E2 /* XCRemoteSwiftPackageReference "firebase-ios-sdk" */;
			productName = FirebaseInstallations;
		};
		7FC0D8112BE3A4F5009780E2 /* FirebaseMLModelDownloader */ = {
			isa = XCSwiftPackageProductDependency;
			package = 7FC0D7E82BE3A4F5009780E2 /* XCRemoteSwiftPackageReference "firebase-ios-sdk" */;
			productName = FirebaseMLModelDownloader;
		};
		7FC0D8132BE3A4F5009780E2 /* FirebaseMessaging */ = {
			isa = XCSwiftPackageProductDependency;
			package = 7FC0D7E82BE3A4F5009780E2 /* XCRemoteSwiftPackageReference "firebase-ios-sdk" */;
			productName = FirebaseMessaging;
		};
		7FC0D8152BE3A4F5009780E2 /* FirebasePerformance */ = {
			isa = XCSwiftPackageProductDependency;
			package = 7FC0D7E82BE3A4F5009780E2 /* XCRemoteSwiftPackageReference "firebase-ios-sdk" */;
			productName = FirebasePerformance;
		};
		7FC0D8172BE3A4F5009780E2 /* FirebaseRemoteConfig */ = {
			isa = XCSwiftPackageProductDependency;
			package = 7FC0D7E82BE3A4F5009780E2 /* XCRemoteSwiftPackageReference "firebase-ios-sdk" */;
			productName = FirebaseRemoteConfig;
		};
		7FC0D8192BE3A4F5009780E2 /* FirebaseRemoteConfigSwift */ = {
			isa = XCSwiftPackageProductDependency;
			package = 7FC0D7E82BE3A4F5009780E2 /* XCRemoteSwiftPackageReference "firebase-ios-sdk" */;
			productName = FirebaseRemoteConfigSwift;
		};
		7FC0D81B2BE3A4F5009780E2 /* FirebaseStorage */ = {
			isa = XCSwiftPackageProductDependency;
			package = 7FC0D7E82BE3A4F5009780E2 /* XCRemoteSwiftPackageReference "firebase-ios-sdk" */;
			productName = FirebaseStorage;
		};
		7FC0D81D2BE3A4F5009780E2 /* FirebaseStorageCombine-Community */ = {
			isa = XCSwiftPackageProductDependency;
			package = 7FC0D7E82BE3A4F5009780E2 /* XCRemoteSwiftPackageReference "firebase-ios-sdk" */;
			productName = "FirebaseStorageCombine-Community";
		};
		7FC0D8232BE3ADA1009780E2 /* FirebaseAnalytics */ = {
			isa = XCSwiftPackageProductDependency;
			package = 7FC0D7E82BE3A4F5009780E2 /* XCRemoteSwiftPackageReference "firebase-ios-sdk" */;
			productName = FirebaseAnalytics;
		};
		7FC0D8252BE3ADA1009780E2 /* FirebaseAnalyticsOnDeviceConversion */ = {
			isa = XCSwiftPackageProductDependency;
			package = 7FC0D7E82BE3A4F5009780E2 /* XCRemoteSwiftPackageReference "firebase-ios-sdk" */;
			productName = FirebaseAnalyticsOnDeviceConversion;
		};
		7FC0D8272BE3ADA1009780E2 /* FirebaseAnalyticsSwift */ = {
			isa = XCSwiftPackageProductDependency;
			package = 7FC0D7E82BE3A4F5009780E2 /* XCRemoteSwiftPackageReference "firebase-ios-sdk" */;
			productName = FirebaseAnalyticsSwift;
		};
		7FC0D8292BE3ADA1009780E2 /* FirebaseAnalyticsWithoutAdIdSupport */ = {
			isa = XCSwiftPackageProductDependency;
			package = 7FC0D7E82BE3A4F5009780E2 /* XCRemoteSwiftPackageReference "firebase-ios-sdk" */;
			productName = FirebaseAnalyticsWithoutAdIdSupport;
		};
		7FC0D82B2BE3ADA1009780E2 /* FirebaseAppCheck */ = {
			isa = XCSwiftPackageProductDependency;
			package = 7FC0D7E82BE3A4F5009780E2 /* XCRemoteSwiftPackageReference "firebase-ios-sdk" */;
			productName = FirebaseAppCheck;
		};
		7FC0D82D2BE3ADA1009780E2 /* FirebaseAppDistribution-Beta */ = {
			isa = XCSwiftPackageProductDependency;
			package = 7FC0D7E82BE3A4F5009780E2 /* XCRemoteSwiftPackageReference "firebase-ios-sdk" */;
			productName = "FirebaseAppDistribution-Beta";
		};
		7FC0D82F2BE3ADA1009780E2 /* FirebaseAuth */ = {
			isa = XCSwiftPackageProductDependency;
			package = 7FC0D7E82BE3A4F5009780E2 /* XCRemoteSwiftPackageReference "firebase-ios-sdk" */;
			productName = FirebaseAuth;
		};
		7FC0D8312BE3ADA1009780E2 /* FirebaseAuthCombine-Community */ = {
			isa = XCSwiftPackageProductDependency;
			package = 7FC0D7E82BE3A4F5009780E2 /* XCRemoteSwiftPackageReference "firebase-ios-sdk" */;
			productName = "FirebaseAuthCombine-Community";
		};
		7FC0D8332BE3ADA1009780E2 /* FirebaseCrashlytics */ = {
			isa = XCSwiftPackageProductDependency;
			package = 7FC0D7E82BE3A4F5009780E2 /* XCRemoteSwiftPackageReference "firebase-ios-sdk" */;
			productName = FirebaseCrashlytics;
		};
		7FC0D8352BE3ADA1009780E2 /* FirebaseDatabase */ = {
			isa = XCSwiftPackageProductDependency;
			package = 7FC0D7E82BE3A4F5009780E2 /* XCRemoteSwiftPackageReference "firebase-ios-sdk" */;
			productName = FirebaseDatabase;
		};
		7FC0D8372BE3ADA1009780E2 /* FirebaseDatabaseSwift */ = {
			isa = XCSwiftPackageProductDependency;
			package = 7FC0D7E82BE3A4F5009780E2 /* XCRemoteSwiftPackageReference "firebase-ios-sdk" */;
			productName = FirebaseDatabaseSwift;
		};
		7FC0D8392BE3ADA1009780E2 /* FirebaseDynamicLinks */ = {
			isa = XCSwiftPackageProductDependency;
			package = 7FC0D7E82BE3A4F5009780E2 /* XCRemoteSwiftPackageReference "firebase-ios-sdk" */;
			productName = FirebaseDynamicLinks;
		};
		7FC0D83B2BE3ADA1009780E2 /* FirebaseFirestore */ = {
			isa = XCSwiftPackageProductDependency;
			package = 7FC0D7E82BE3A4F5009780E2 /* XCRemoteSwiftPackageReference "firebase-ios-sdk" */;
			productName = FirebaseFirestore;
		};
		7FC0D83D2BE3ADA1009780E2 /* FirebaseFirestoreCombine-Community */ = {
			isa = XCSwiftPackageProductDependency;
			package = 7FC0D7E82BE3A4F5009780E2 /* XCRemoteSwiftPackageReference "firebase-ios-sdk" */;
			productName = "FirebaseFirestoreCombine-Community";
		};
		7FC0D83F2BE3ADA1009780E2 /* FirebaseFirestoreSwift */ = {
			isa = XCSwiftPackageProductDependency;
			package = 7FC0D7E82BE3A4F5009780E2 /* XCRemoteSwiftPackageReference "firebase-ios-sdk" */;
			productName = FirebaseFirestoreSwift;
		};
		7FC0D8412BE3ADA1009780E2 /* FirebaseFunctions */ = {
			isa = XCSwiftPackageProductDependency;
			package = 7FC0D7E82BE3A4F5009780E2 /* XCRemoteSwiftPackageReference "firebase-ios-sdk" */;
			productName = FirebaseFunctions;
		};
		7FC0D8432BE3ADA1009780E2 /* FirebaseFunctionsCombine-Community */ = {
			isa = XCSwiftPackageProductDependency;
			package = 7FC0D7E82BE3A4F5009780E2 /* XCRemoteSwiftPackageReference "firebase-ios-sdk" */;
			productName = "FirebaseFunctionsCombine-Community";
		};
		7FC0D8452BE3ADA1009780E2 /* FirebaseInAppMessaging-Beta */ = {
			isa = XCSwiftPackageProductDependency;
			package = 7FC0D7E82BE3A4F5009780E2 /* XCRemoteSwiftPackageReference "firebase-ios-sdk" */;
			productName = "FirebaseInAppMessaging-Beta";
		};
		7FC0D8472BE3ADA1009780E2 /* FirebaseInAppMessagingSwift-Beta */ = {
			isa = XCSwiftPackageProductDependency;
			package = 7FC0D7E82BE3A4F5009780E2 /* XCRemoteSwiftPackageReference "firebase-ios-sdk" */;
			productName = "FirebaseInAppMessagingSwift-Beta";
		};
		7FC0D8492BE3ADA1009780E2 /* FirebaseInstallations */ = {
			isa = XCSwiftPackageProductDependency;
			package = 7FC0D7E82BE3A4F5009780E2 /* XCRemoteSwiftPackageReference "firebase-ios-sdk" */;
			productName = FirebaseInstallations;
		};
		7FC0D84B2BE3ADA1009780E2 /* FirebaseMLModelDownloader */ = {
			isa = XCSwiftPackageProductDependency;
			package = 7FC0D7E82BE3A4F5009780E2 /* XCRemoteSwiftPackageReference "firebase-ios-sdk" */;
			productName = FirebaseMLModelDownloader;
		};
		7FC0D84D2BE3ADA1009780E2 /* FirebaseMessaging */ = {
			isa = XCSwiftPackageProductDependency;
			package = 7FC0D7E82BE3A4F5009780E2 /* XCRemoteSwiftPackageReference "firebase-ios-sdk" */;
			productName = FirebaseMessaging;
		};
		7FC0D84F2BE3ADA1009780E2 /* FirebasePerformance */ = {
			isa = XCSwiftPackageProductDependency;
			package = 7FC0D7E82BE3A4F5009780E2 /* XCRemoteSwiftPackageReference "firebase-ios-sdk" */;
			productName = FirebasePerformance;
		};
		7FC0D8512BE3ADA1009780E2 /* FirebaseRemoteConfig */ = {
			isa = XCSwiftPackageProductDependency;
			package = 7FC0D7E82BE3A4F5009780E2 /* XCRemoteSwiftPackageReference "firebase-ios-sdk" */;
			productName = FirebaseRemoteConfig;
		};
		7FC0D8532BE3ADA1009780E2 /* FirebaseRemoteConfigSwift */ = {
			isa = XCSwiftPackageProductDependency;
			package = 7FC0D7E82BE3A4F5009780E2 /* XCRemoteSwiftPackageReference "firebase-ios-sdk" */;
			productName = FirebaseRemoteConfigSwift;
		};
		7FC0D8552BE3ADA1009780E2 /* FirebaseStorage */ = {
			isa = XCSwiftPackageProductDependency;
			package = 7FC0D7E82BE3A4F5009780E2 /* XCRemoteSwiftPackageReference "firebase-ios-sdk" */;
			productName = FirebaseStorage;
		};
		7FC0D8572BE3ADA1009780E2 /* FirebaseStorageCombine-Community */ = {
			isa = XCSwiftPackageProductDependency;
			package = 7FC0D7E82BE3A4F5009780E2 /* XCRemoteSwiftPackageReference "firebase-ios-sdk" */;
			productName = "FirebaseStorageCombine-Community";
		};
/* End XCSwiftPackageProductDependency section */
	};
	rootObject = 7F25C5602BD224A2008E412C /* Project object */;
}
